
Microsoft Visual Studio Solution File, Format Version 12.00
# Visual Studio Version 17
VisualStudioVersion = 17.0.31903.59
MinimumVisualStudioVersion = 10.0.40219.1
Project("{2150E333-8FDC-42A3-9474-1A3956D46DE8}") = "src", "src", "{827E0CD3-B72D-47B6-A68D-7590B98EB39B}"
EndProject
Project("{2150E333-8FDC-42A3-9474-1A3956D46DE8}") = "Api", "Api", "{81034408-37C8-1011-444E-4C15C2FADA8E}"
EndProject
Project("{FAE04EC0-301F-11D3-BF4B-00C04F79EFBC}") = "Bastion.Api", "src\Api\Bastion.Api.csproj", "{E1B7AF56-5B87-41B8-9C7B-7C4788AAE927}"
EndProject
Project("{2150E333-8FDC-42A3-9474-1A3956D46DE8}") = "BuildingBlocks", "BuildingBlocks", "{90298CBA-BD6F-3A0A-69D5-97CAD7B05E7E}"
EndProject
Project("{2150E333-8FDC-42A3-9474-1A3956D46DE8}") = "Infrastructure", "Infrastructure", "{A7446B4C-3630-9B3B-F288-1F78CD1B2B87}"
EndProject
Project("{FAE04EC0-301F-11D3-BF4B-00C04F79EFBC}") = "Bastion.BuildingBlocks.Infrastructure", "src\BuildingBlocks\Infrastructure\Bastion.BuildingBlocks.Infrastructure.csproj", "{B071043B-17C8-4192-945D-EEDFAFF3CBA7}"
EndProject
Project("{2150E333-8FDC-42A3-9474-1A3956D46DE8}") = "Application", "Application", "{9EE5AAEC-AB02-9FE8-CF99-35D2D2EE0FA4}"
EndProject
Project("{FAE04EC0-301F-11D3-BF4B-00C04F79EFBC}") = "Bastion.BuildingBlocks.Application", "src\BuildingBlocks\Application\Bastion.BuildingBlocks.Application.csproj", "{6BF53DD6-3FE7-4DCE-A6E2-805A97737622}"
EndProject
Project("{2150E333-8FDC-42A3-9474-1A3956D46DE8}") = "Domain", "Domain", "{A4B1E784-646A-B9E1-E156-960261419CD6}"
EndProject
Project("{FAE04EC0-301F-11D3-BF4B-00C04F79EFBC}") = "Bastion.BuildingBlocks.Domain", "src\BuildingBlocks\Domain\Bastion.BuildingBlocks.Domain.csproj", "{A7FB27D2-E32D-4484-A876-6D866CC1C734}"
EndProject
Project("{2150E333-8FDC-42A3-9474-1A3956D46DE8}") = "Modules", "Modules", "{EC447DCF-ABFA-6E24-52A5-D7FD48A5C558}"
EndProject
Project("{2150E333-8FDC-42A3-9474-1A3956D46DE8}") = "Identidad", "Identidad", "{D174098F-D0C3-555C-3628-EF553EA75373}"
EndProject
Project("{FAE04EC0-301F-11D3-BF4B-00C04F79EFBC}") = "Bastion.Identidad.Endpoints", "src\Modules\Identidad\Bastion.Identidad.Endpoints\Bastion.Identidad.Endpoints.csproj", "{1E9E555F-D6CC-4A08-9CBF-B991E7931D05}"
EndProject
Project("{FAE04EC0-301F-11D3-BF4B-00C04F79EFBC}") = "Bastion.Identidad.Application", "src\Modules\Identidad\Bastion.Identidad.Application\Bastion.Identidad.Application.csproj", "{958E8EE9-0419-4575-86FB-6ADE190B7A7D}"
EndProject
Project("{FAE04EC0-301F-11D3-BF4B-00C04F79EFBC}") = "Bastion.Identidad.Domain", "src\Modules\Identidad\Bastion.Identidad.Domain\Bastion.Identidad.Domain.csproj", "{D371093B-0423-40F4-8D1C-7B3DD661E46F}"
EndProject
Project("{FAE04EC0-301F-11D3-BF4B-00C04F79EFBC}") = "Bastion.Identidad.Contracts", "src\Modules\Identidad\Bastion.Identidad.Contracts\Bastion.Identidad.Contracts.csproj", "{137CAE3E-E085-4ECF-9BD8-177A41EFB15C}"
EndProject
Project("{FAE04EC0-301F-11D3-BF4B-00C04F79EFBC}") = "Bastion.Identidad.Infrastructure", "src\Modules\Identidad\Bastion.Identidad.Infrastructure\Bastion.Identidad.Infrastructure.csproj", "{D225D77D-1D68-4A2A-ABE3-437C13B9D5B4}"
EndProject
Project("{2150E333-8FDC-42A3-9474-1A3956D46DE8}") = "Organizacion", "Organizacion", "{193218D3-15C0-0B81-5733-CC174BE1B669}"
EndProject
Project("{FAE04EC0-301F-11D3-BF4B-00C04F79EFBC}") = "Bastion.Organizacion.Endpoints", "src\Modules\Organizacion\Bastion.Organizacion.Endpoints\Bastion.Organizacion.Endpoints.csproj", "{46EF475C-13B0-4D4E-B490-3C7A298F63BB}"
EndProject
Project("{FAE04EC0-301F-11D3-BF4B-00C04F79EFBC}") = "Bastion.Organizacion.Application", "src\Modules\Organizacion\Bastion.Organizacion.Application\Bastion.Organizacion.Application.csproj", "{CBC4F53B-1671-4C94-93DD-5337A3A2ABC2}"
EndProject
Project("{FAE04EC0-301F-11D3-BF4B-00C04F79EFBC}") = "Bastion.Organizacion.Domain", "src\Modules\Organizacion\Bastion.Organizacion.Domain\Bastion.Organizacion.Domain.csproj", "{F678395C-8180-4693-91D1-AA78C7DAF3A2}"
EndProject
Project("{FAE04EC0-301F-11D3-BF4B-00C04F79EFBC}") = "Bastion.Organizacion.Contracts", "src\Modules\Organizacion\Bastion.Organizacion.Contracts\Bastion.Organizacion.Contracts.csproj", "{7BF3B83B-2301-4CC0-AB59-90A1CE9B9422}"
EndProject
Project("{FAE04EC0-301F-11D3-BF4B-00C04F79EFBC}") = "Bastion.Organizacion.Infrastructure", "src\Modules\Organizacion\Bastion.Organizacion.Infrastructure\Bastion.Organizacion.Infrastructure.csproj", "{6749F29E-7405-40B8-BCAF-67516ADB3FDF}"
EndProject
Project("{2150E333-8FDC-42A3-9474-1A3956D46DE8}") = "Auditoria", "Auditoria", "{9863C017-6182-88C1-BCAF-B6BDBB530B4B}"
EndProject
Project("{FAE04EC0-301F-11D3-BF4B-00C04F79EFBC}") = "Bastion.Auditoria.Endpoints", "src\Modules\Auditoria\Bastion.Auditoria.Endpoints\Bastion.Auditoria.Endpoints.csproj", "{1719CC3F-BF65-40E2-9D74-9D863A6B0298}"
EndProject
Project("{FAE04EC0-301F-11D3-BF4B-00C04F79EFBC}") = "Bastion.Auditoria.Application", "src\Modules\Auditoria\Bastion.Auditoria.Application\Bastion.Auditoria.Application.csproj", "{47CE4AEA-1B66-4BE5-9DC0-71EB0975DDF1}"
EndProject
Project("{FAE04EC0-301F-11D3-BF4B-00C04F79EFBC}") = "Bastion.Auditoria.Domain", "src\Modules\Auditoria\Bastion.Auditoria.Domain\Bastion.Auditoria.Domain.csproj", "{BFF3B22B-29C8-4AC7-95A3-E35A8F08573A}"
EndProject
Project("{FAE04EC0-301F-11D3-BF4B-00C04F79EFBC}") = "Bastion.Auditoria.Contracts", "src\Modules\Auditoria\Bastion.Auditoria.Contracts\Bastion.Auditoria.Contracts.csproj", "{2DDB102A-8DBC-4B9C-8F86-A7A631C883ED}"
EndProject
Project("{FAE04EC0-301F-11D3-BF4B-00C04F79EFBC}") = "Bastion.Auditoria.Infrastructure", "src\Modules\Auditoria\Bastion.Auditoria.Infrastructure\Bastion.Auditoria.Infrastructure.csproj", "{E0BF4D58-8903-4D6B-86F6-4942523A30F9}"
EndProject
Project("{2150E333-8FDC-42A3-9474-1A3956D46DE8}") = "tests", "tests", "{0AB3BF05-4346-4AA6-1389-037BE0695223}"
EndProject
Project("{2150E333-8FDC-42A3-9474-1A3956D46DE8}") = "Api.FunctionalTests", "Api.FunctionalTests", "{2D9ABAD8-3B01-4A4C-F0A8-EE2CF54BA94B}"
EndProject
Project("{FAE04EC0-301F-11D3-BF4B-00C04F79EFBC}") = "Bastion.Api.FunctionalTests", "tests\Api.FunctionalTests\Bastion.Api.FunctionalTests.csproj", "{E3F79095-4EB1-43B7-B29A-AD1FF64226A2}"
EndProject
Project("{FAE04EC0-301F-11D3-BF4B-00C04F79EFBC}") = "Bastion.BuildingBlocks.UnitTests", "tests\BuildingBlocks.UnitTests\Bastion.BuildingBlocks.UnitTests.csproj", "{1A0473BC-088E-4982-9052-4A154ADEBE1D}"
EndProject
Project("{2150E333-8FDC-42A3-9474-1A3956D46DE8}") = "Organizacion.UnitTests", "Organizacion.UnitTests", "{6F3C9A58-AEFC-707C-7557-EFEE83FD9418}"
EndProject
Project("{FAE04EC0-301F-11D3-BF4B-00C04F79EFBC}") = "Bastion.Organizacion.UnitTests", "tests\Organizacion.UnitTests\Bastion.Organizacion.UnitTests.csproj", "{7445057D-B425-4169-94E1-16C99F64EE35}"
EndProject
Project("{2150E333-8FDC-42A3-9474-1A3956D46DE8}") = "Organizacion.IntegrationTests", "Organizacion.IntegrationTests", "{517631AE-1E06-ECC6-9302-F06040DDAC89}"
EndProject
Project("{FAE04EC0-301F-11D3-BF4B-00C04F79EFBC}") = "Bastion.Organizacion.IntegrationTests", "tests\Organizacion.IntegrationTests\Bastion.Organizacion.IntegrationTests.csproj", "{4EDBC47E-E7AB-4020-8C05-6DEE07D456E9}"
EndProject
Project("{2150E333-8FDC-42A3-9474-1A3956D46DE8}") = "Identidad.UnitTests", "Identidad.UnitTests", "{F3DD8EE7-F35F-783D-AA68-50757D7D5501}"
EndProject
Project("{FAE04EC0-301F-11D3-BF4B-00C04F79EFBC}") = "Bastion.Identidad.UnitTests", "tests\Identidad.UnitTests\Bastion.Identidad.UnitTests.csproj", "{6BE7CEBF-4662-4F3E-A36A-0E515B19BE59}"
EndProject
Project("{FAE04EC0-301F-11D3-BF4B-00C04F79EFBC}") = "Bastion.Api.IntegrationTests", "tests\Api.IntegrationTests\Bastion.Api.IntegrationTests.csproj", "{5120FD08-7378-4620-90E1-E8D143C2B545}"
EndProject
Project("{2150E333-8FDC-42A3-9474-1A3956D46DE8}") = "Arquitectura.Tests", "Arquitectura.Tests", "{DE89E763-3D43-5032-BCCC-08B6F76452D5}"
EndProject
Project("{FAE04EC0-301F-11D3-BF4B-00C04F79EFBC}") = "Bastion.Arquitectura.Tests", "tests\Arquitectura.Tests\Bastion.Arquitectura.Tests.csproj", "{7707F928-5A81-430E-B545-F390A2E9ED60}"
EndProject
Project("{2150E333-8FDC-42A3-9474-1A3956D46DE8}") = "Contracts", "Contracts", "{6A36946C-4F06-BE70-24E6-0B0F125A7F9F}"
EndProject
Project("{FAE04EC0-301F-11D3-BF4B-00C04F79EFBC}") = "Bastion.BuildingBlocks.Contracts", "src\BuildingBlocks\Contracts\Bastion.BuildingBlocks.Contracts.csproj", "{397C63DE-F940-44A7-BA23-847030373B97}"
EndProject
Project("{2150E333-8FDC-42A3-9474-1A3956D46DE8}") = "Terceros", "Terceros", "{805A8D50-63DC-9C2D-1F6E-9BE58443B7F7}"
EndProject
Project("{FAE04EC0-301F-11D3-BF4B-00C04F79EFBC}") = "Bastion.Terceros.Domain", "src\Modules\Terceros\Bastion.Terceros.Domain\Bastion.Terceros.Domain.csproj", "{22A8EB47-7D02-497F-AD0B-08F33B0BD217}"
EndProject
Project("{FAE04EC0-301F-11D3-BF4B-00C04F79EFBC}") = "Bastion.Terceros.Contracts", "src\Modules\Terceros\Bastion.Terceros.Contracts\Bastion.Terceros.Contracts.csproj", "{BC0D9583-D646-4E1A-A827-0A3917B2E938}"
EndProject
Project("{FAE04EC0-301F-11D3-BF4B-00C04F79EFBC}") = "Bastion.Terceros.Application", "src\Modules\Terceros\Bastion.Terceros.Application\Bastion.Terceros.Application.csproj", "{43E6651C-1C8A-4ACB-8A80-E06DB4335ACF}"
EndProject
Project("{FAE04EC0-301F-11D3-BF4B-00C04F79EFBC}") = "Bastion.Terceros.Infrastructure", "src\Modules\Terceros\Bastion.Terceros.Infrastructure\Bastion.Terceros.Infrastructure.csproj", "{CFFE5BE7-ED51-4203-A11B-5A5095D61A14}"
EndProject
Project("{FAE04EC0-301F-11D3-BF4B-00C04F79EFBC}") = "Bastion.Terceros.Endpoints", "src\Modules\Terceros\Bastion.Terceros.Endpoints\Bastion.Terceros.Endpoints.csproj", "{982301F0-0698-4DAA-B68C-164840A39A44}"
EndProject
Project("{2150E333-8FDC-42A3-9474-1A3956D46DE8}") = "Terceros.UnitTests", "Terceros.UnitTests", "{7324F043-CF40-F9D4-371A-7CCD93EC25D8}"
EndProject
Project("{FAE04EC0-301F-11D3-BF4B-00C04F79EFBC}") = "Bastion.Terceros.UnitTests", "tests\Terceros.UnitTests\Bastion.Terceros.UnitTests.csproj", "{494BDFDF-774E-4058-80EF-F79AFB2ACD41}"
EndProject
Global
	GlobalSection(SolutionConfigurationPlatforms) = preSolution
		Debug|Any CPU = Debug|Any CPU
		Debug|x64 = Debug|x64
		Debug|x86 = Debug|x86
		Release|Any CPU = Release|Any CPU
		Release|x64 = Release|x64
		Release|x86 = Release|x86
	EndGlobalSection
	GlobalSection(ProjectConfigurationPlatforms) = postSolution
		{E1B7AF56-5B87-41B8-9C7B-7C4788AAE927}.Debug|Any CPU.ActiveCfg = Debug|Any CPU
		{E1B7AF56-5B87-41B8-9C7B-7C4788AAE927}.Debug|Any CPU.Build.0 = Debug|Any CPU
		{E1B7AF56-5B87-41B8-9C7B-7C4788AAE927}.Debug|x64.ActiveCfg = Debug|Any CPU
		{E1B7AF56-5B87-41B8-9C7B-7C4788AAE927}.Debug|x64.Build.0 = Debug|Any CPU
		{E1B7AF56-5B87-41B8-9C7B-7C4788AAE927}.Debug|x86.ActiveCfg = Debug|Any CPU
		{E1B7AF56-5B87-41B8-9C7B-7C4788AAE927}.Debug|x86.Build.0 = Debug|Any CPU
		{E1B7AF56-5B87-41B8-9C7B-7C4788AAE927}.Release|Any CPU.ActiveCfg = Release|Any CPU
		{E1B7AF56-5B87-41B8-9C7B-7C4788AAE927}.Release|Any CPU.Build.0 = Release|Any CPU
		{E1B7AF56-5B87-41B8-9C7B-7C4788AAE927}.Release|x64.ActiveCfg = Release|Any CPU
		{E1B7AF56-5B87-41B8-9C7B-7C4788AAE927}.Release|x64.Build.0 = Release|Any CPU
		{E1B7AF56-5B87-41B8-9C7B-7C4788AAE927}.Release|x86.ActiveCfg = Release|Any CPU
		{E1B7AF56-5B87-41B8-9C7B-7C4788AAE927}.Release|x86.Build.0 = Release|Any CPU
		{B071043B-17C8-4192-945D-EEDFAFF3CBA7}.Debug|Any CPU.ActiveCfg = Debug|Any CPU
		{B071043B-17C8-4192-945D-EEDFAFF3CBA7}.Debug|Any CPU.Build.0 = Debug|Any CPU
		{B071043B-17C8-4192-945D-EEDFAFF3CBA7}.Debug|x64.ActiveCfg = Debug|Any CPU
		{B071043B-17C8-4192-945D-EEDFAFF3CBA7}.Debug|x64.Build.0 = Debug|Any CPU
		{B071043B-17C8-4192-945D-EEDFAFF3CBA7}.Debug|x86.ActiveCfg = Debug|Any CPU
		{B071043B-17C8-4192-945D-EEDFAFF3CBA7}.Debug|x86.Build.0 = Debug|Any CPU
		{B071043B-17C8-4192-945D-EEDFAFF3CBA7}.Release|Any CPU.ActiveCfg = Release|Any CPU
		{B071043B-17C8-4192-945D-EEDFAFF3CBA7}.Release|Any CPU.Build.0 = Release|Any CPU
		{B071043B-17C8-4192-945D-EEDFAFF3CBA7}.Release|x64.ActiveCfg = Release|Any CPU
		{B071043B-17C8-4192-945D-EEDFAFF3CBA7}.Release|x64.Build.0 = Release|Any CPU
		{B071043B-17C8-4192-945D-EEDFAFF3CBA7}.Release|x86.ActiveCfg = Release|Any CPU
		{B071043B-17C8-4192-945D-EEDFAFF3CBA7}.Release|x86.Build.0 = Release|Any CPU
		{6BF53DD6-3FE7-4DCE-A6E2-805A97737622}.Debug|Any CPU.ActiveCfg = Debug|Any CPU
		{6BF53DD6-3FE7-4DCE-A6E2-805A97737622}.Debug|Any CPU.Build.0 = Debug|Any CPU
		{6BF53DD6-3FE7-4DCE-A6E2-805A97737622}.Debug|x64.ActiveCfg = Debug|Any CPU
		{6BF53DD6-3FE7-4DCE-A6E2-805A97737622}.Debug|x64.Build.0 = Debug|Any CPU
		{6BF53DD6-3FE7-4DCE-A6E2-805A97737622}.Debug|x86.ActiveCfg = Debug|Any CPU
		{6BF53DD6-3FE7-4DCE-A6E2-805A97737622}.Debug|x86.Build.0 = Debug|Any CPU
		{6BF53DD6-3FE7-4DCE-A6E2-805A97737622}.Release|Any CPU.ActiveCfg = Release|Any CPU
		{6BF53DD6-3FE7-4DCE-A6E2-805A97737622}.Release|Any CPU.Build.0 = Release|Any CPU
		{6BF53DD6-3FE7-4DCE-A6E2-805A97737622}.Release|x64.ActiveCfg = Release|Any CPU
		{6BF53DD6-3FE7-4DCE-A6E2-805A97737622}.Release|x64.Build.0 = Release|Any CPU
		{6BF53DD6-3FE7-4DCE-A6E2-805A97737622}.Release|x86.ActiveCfg = Release|Any CPU
		{6BF53DD6-3FE7-4DCE-A6E2-805A97737622}.Release|x86.Build.0 = Release|Any CPU
		{A7FB27D2-E32D-4484-A876-6D866CC1C734}.Debug|Any CPU.ActiveCfg = Debug|Any CPU
		{A7FB27D2-E32D-4484-A876-6D866CC1C734}.Debug|Any CPU.Build.0 = Debug|Any CPU
		{A7FB27D2-E32D-4484-A876-6D866CC1C734}.Debug|x64.ActiveCfg = Debug|Any CPU
		{A7FB27D2-E32D-4484-A876-6D866CC1C734}.Debug|x64.Build.0 = Debug|Any CPU
		{A7FB27D2-E32D-4484-A876-6D866CC1C734}.Debug|x86.ActiveCfg = Debug|Any CPU
		{A7FB27D2-E32D-4484-A876-6D866CC1C734}.Debug|x86.Build.0 = Debug|Any CPU
		{A7FB27D2-E32D-4484-A876-6D866CC1C734}.Release|Any CPU.ActiveCfg = Release|Any CPU
		{A7FB27D2-E32D-4484-A876-6D866CC1C734}.Release|Any CPU.Build.0 = Release|Any CPU
		{A7FB27D2-E32D-4484-A876-6D866CC1C734}.Release|x64.ActiveCfg = Release|Any CPU
		{A7FB27D2-E32D-4484-A876-6D866CC1C734}.Release|x64.Build.0 = Release|Any CPU
		{A7FB27D2-E32D-4484-A876-6D866CC1C734}.Release|x86.ActiveCfg = Release|Any CPU
		{A7FB27D2-E32D-4484-A876-6D866CC1C734}.Release|x86.Build.0 = Release|Any CPU
		{1E9E555F-D6CC-4A08-9CBF-B991E7931D05}.Debug|Any CPU.ActiveCfg = Debug|Any CPU
		{1E9E555F-D6CC-4A08-9CBF-B991E7931D05}.Debug|Any CPU.Build.0 = Debug|Any CPU
		{1E9E555F-D6CC-4A08-9CBF-B991E7931D05}.Debug|x64.ActiveCfg = Debug|Any CPU
		{1E9E555F-D6CC-4A08-9CBF-B991E7931D05}.Debug|x64.Build.0 = Debug|Any CPU
		{1E9E555F-D6CC-4A08-9CBF-B991E7931D05}.Debug|x86.ActiveCfg = Debug|Any CPU
		{1E9E555F-D6CC-4A08-9CBF-B991E7931D05}.Debug|x86.Build.0 = Debug|Any CPU
		{1E9E555F-D6CC-4A08-9CBF-B991E7931D05}.Release|Any CPU.ActiveCfg = Release|Any CPU
		{1E9E555F-D6CC-4A08-9CBF-B991E7931D05}.Release|Any CPU.Build.0 = Release|Any CPU
		{1E9E555F-D6CC-4A08-9CBF-B991E7931D05}.Release|x64.ActiveCfg = Release|Any CPU
		{1E9E555F-D6CC-4A08-9CBF-B991E7931D05}.Release|x64.Build.0 = Release|Any CPU
		{1E9E555F-D6CC-4A08-9CBF-B991E7931D05}.Release|x86.ActiveCfg = Release|Any CPU
		{1E9E555F-D6CC-4A08-9CBF-B991E7931D05}.Release|x86.Build.0 = Release|Any CPU
		{958E8EE9-0419-4575-86FB-6ADE190B7A7D}.Debug|Any CPU.ActiveCfg = Debug|Any CPU
		{958E8EE9-0419-4575-86FB-6ADE190B7A7D}.Debug|Any CPU.Build.0 = Debug|Any CPU
		{958E8EE9-0419-4575-86FB-6ADE190B7A7D}.Debug|x64.ActiveCfg = Debug|Any CPU
		{958E8EE9-0419-4575-86FB-6ADE190B7A7D}.Debug|x64.Build.0 = Debug|Any CPU
		{958E8EE9-0419-4575-86FB-6ADE190B7A7D}.Debug|x86.ActiveCfg = Debug|Any CPU
		{958E8EE9-0419-4575-86FB-6ADE190B7A7D}.Debug|x86.Build.0 = Debug|Any CPU
		{958E8EE9-0419-4575-86FB-6ADE190B7A7D}.Release|Any CPU.ActiveCfg = Release|Any CPU
		{958E8EE9-0419-4575-86FB-6ADE190B7A7D}.Release|Any CPU.Build.0 = Release|Any CPU
		{958E8EE9-0419-4575-86FB-6ADE190B7A7D}.Release|x64.ActiveCfg = Release|Any CPU
		{958E8EE9-0419-4575-86FB-6ADE190B7A7D}.Release|x64.Build.0 = Release|Any CPU
		{958E8EE9-0419-4575-86FB-6ADE190B7A7D}.Release|x86.ActiveCfg = Release|Any CPU
		{958E8EE9-0419-4575-86FB-6ADE190B7A7D}.Release|x86.Build.0 = Release|Any CPU
		{D371093B-0423-40F4-8D1C-7B3DD661E46F}.Debug|Any CPU.ActiveCfg = Debug|Any CPU
		{D371093B-0423-40F4-8D1C-7B3DD661E46F}.Debug|Any CPU.Build.0 = Debug|Any CPU
		{D371093B-0423-40F4-8D1C-7B3DD661E46F}.Debug|x64.ActiveCfg = Debug|Any CPU
		{D371093B-0423-40F4-8D1C-7B3DD661E46F}.Debug|x64.Build.0 = Debug|Any CPU
		{D371093B-0423-40F4-8D1C-7B3DD661E46F}.Debug|x86.ActiveCfg = Debug|Any CPU
		{D371093B-0423-40F4-8D1C-7B3DD661E46F}.Debug|x86.Build.0 = Debug|Any CPU
		{D371093B-0423-40F4-8D1C-7B3DD661E46F}.Release|Any CPU.ActiveCfg = Release|Any CPU
		{D371093B-0423-40F4-8D1C-7B3DD661E46F}.Release|Any CPU.Build.0 = Release|Any CPU
		{D371093B-0423-40F4-8D1C-7B3DD661E46F}.Release|x64.ActiveCfg = Release|Any CPU
		{D371093B-0423-40F4-8D1C-7B3DD661E46F}.Release|x64.Build.0 = Release|Any CPU
		{D371093B-0423-40F4-8D1C-7B3DD661E46F}.Release|x86.ActiveCfg = Release|Any CPU
		{D371093B-0423-40F4-8D1C-7B3DD661E46F}.Release|x86.Build.0 = Release|Any CPU
		{137CAE3E-E085-4ECF-9BD8-177A41EFB15C}.Debug|Any CPU.ActiveCfg = Debug|Any CPU
		{137CAE3E-E085-4ECF-9BD8-177A41EFB15C}.Debug|Any CPU.Build.0 = Debug|Any CPU
		{137CAE3E-E085-4ECF-9BD8-177A41EFB15C}.Debug|x64.ActiveCfg = Debug|Any CPU
		{137CAE3E-E085-4ECF-9BD8-177A41EFB15C}.Debug|x64.Build.0 = Debug|Any CPU
		{137CAE3E-E085-4ECF-9BD8-177A41EFB15C}.Debug|x86.ActiveCfg = Debug|Any CPU
		{137CAE3E-E085-4ECF-9BD8-177A41EFB15C}.Debug|x86.Build.0 = Debug|Any CPU
		{137CAE3E-E085-4ECF-9BD8-177A41EFB15C}.Release|Any CPU.ActiveCfg = Release|Any CPU
		{137CAE3E-E085-4ECF-9BD8-177A41EFB15C}.Release|Any CPU.Build.0 = Release|Any CPU
		{137CAE3E-E085-4ECF-9BD8-177A41EFB15C}.Release|x64.ActiveCfg = Release|Any CPU
		{137CAE3E-E085-4ECF-9BD8-177A41EFB15C}.Release|x64.Build.0 = Release|Any CPU
		{137CAE3E-E085-4ECF-9BD8-177A41EFB15C}.Release|x86.ActiveCfg = Release|Any CPU
		{137CAE3E-E085-4ECF-9BD8-177A41EFB15C}.Release|x86.Build.0 = Release|Any CPU
		{D225D77D-1D68-4A2A-ABE3-437C13B9D5B4}.Debug|Any CPU.ActiveCfg = Debug|Any CPU
		{D225D77D-1D68-4A2A-ABE3-437C13B9D5B4}.Debug|Any CPU.Build.0 = Debug|Any CPU
		{D225D77D-1D68-4A2A-ABE3-437C13B9D5B4}.Debug|x64.ActiveCfg = Debug|Any CPU
		{D225D77D-1D68-4A2A-ABE3-437C13B9D5B4}.Debug|x64.Build.0 = Debug|Any CPU
		{D225D77D-1D68-4A2A-ABE3-437C13B9D5B4}.Debug|x86.ActiveCfg = Debug|Any CPU
		{D225D77D-1D68-4A2A-ABE3-437C13B9D5B4}.Debug|x86.Build.0 = Debug|Any CPU
		{D225D77D-1D68-4A2A-ABE3-437C13B9D5B4}.Release|Any CPU.ActiveCfg = Release|Any CPU
		{D225D77D-1D68-4A2A-ABE3-437C13B9D5B4}.Release|Any CPU.Build.0 = Release|Any CPU
		{D225D77D-1D68-4A2A-ABE3-437C13B9D5B4}.Release|x64.ActiveCfg = Release|Any CPU
		{D225D77D-1D68-4A2A-ABE3-437C13B9D5B4}.Release|x64.Build.0 = Release|Any CPU
		{D225D77D-1D68-4A2A-ABE3-437C13B9D5B4}.Release|x86.ActiveCfg = Release|Any CPU
		{D225D77D-1D68-4A2A-ABE3-437C13B9D5B4}.Release|x86.Build.0 = Release|Any CPU
		{46EF475C-13B0-4D4E-B490-3C7A298F63BB}.Debug|Any CPU.ActiveCfg = Debug|Any CPU
		{46EF475C-13B0-4D4E-B490-3C7A298F63BB}.Debug|Any CPU.Build.0 = Debug|Any CPU
		{46EF475C-13B0-4D4E-B490-3C7A298F63BB}.Debug|x64.ActiveCfg = Debug|Any CPU
		{46EF475C-13B0-4D4E-B490-3C7A298F63BB}.Debug|x64.Build.0 = Debug|Any CPU
		{46EF475C-13B0-4D4E-B490-3C7A298F63BB}.Debug|x86.ActiveCfg = Debug|Any CPU
		{46EF475C-13B0-4D4E-B490-3C7A298F63BB}.Debug|x86.Build.0 = Debug|Any CPU
		{46EF475C-13B0-4D4E-B490-3C7A298F63BB}.Release|Any CPU.ActiveCfg = Release|Any CPU
		{46EF475C-13B0-4D4E-B490-3C7A298F63BB}.Release|Any CPU.Build.0 = Release|Any CPU
		{46EF475C-13B0-4D4E-B490-3C7A298F63BB}.Release|x64.ActiveCfg = Release|Any CPU
		{46EF475C-13B0-4D4E-B490-3C7A298F63BB}.Release|x64.Build.0 = Release|Any CPU
		{46EF475C-13B0-4D4E-B490-3C7A298F63BB}.Release|x86.ActiveCfg = Release|Any CPU
		{46EF475C-13B0-4D4E-B490-3C7A298F63BB}.Release|x86.Build.0 = Release|Any CPU
		{CBC4F53B-1671-4C94-93DD-5337A3A2ABC2}.Debug|Any CPU.ActiveCfg = Debug|Any CPU
		{CBC4F53B-1671-4C94-93DD-5337A3A2ABC2}.Debug|Any CPU.Build.0 = Debug|Any CPU
		{CBC4F53B-1671-4C94-93DD-5337A3A2ABC2}.Debug|x64.ActiveCfg = Debug|Any CPU
		{CBC4F53B-1671-4C94-93DD-5337A3A2ABC2}.Debug|x64.Build.0 = Debug|Any CPU
		{CBC4F53B-1671-4C94-93DD-5337A3A2ABC2}.Debug|x86.ActiveCfg = Debug|Any CPU
		{CBC4F53B-1671-4C94-93DD-5337A3A2ABC2}.Debug|x86.Build.0 = Debug|Any CPU
		{CBC4F53B-1671-4C94-93DD-5337A3A2ABC2}.Release|Any CPU.ActiveCfg = Release|Any CPU
		{CBC4F53B-1671-4C94-93DD-5337A3A2ABC2}.Release|Any CPU.Build.0 = Release|Any CPU
		{CBC4F53B-1671-4C94-93DD-5337A3A2ABC2}.Release|x64.ActiveCfg = Release|Any CPU
		{CBC4F53B-1671-4C94-93DD-5337A3A2ABC2}.Release|x64.Build.0 = Release|Any CPU
		{CBC4F53B-1671-4C94-93DD-5337A3A2ABC2}.Release|x86.ActiveCfg = Release|Any CPU
		{CBC4F53B-1671-4C94-93DD-5337A3A2ABC2}.Release|x86.Build.0 = Release|Any CPU
		{F678395C-8180-4693-91D1-AA78C7DAF3A2}.Debug|Any CPU.ActiveCfg = Debug|Any CPU
		{F678395C-8180-4693-91D1-AA78C7DAF3A2}.Debug|Any CPU.Build.0 = Debug|Any CPU
		{F678395C-8180-4693-91D1-AA78C7DAF3A2}.Debug|x64.ActiveCfg = Debug|Any CPU
		{F678395C-8180-4693-91D1-AA78C7DAF3A2}.Debug|x64.Build.0 = Debug|Any CPU
		{F678395C-8180-4693-91D1-AA78C7DAF3A2}.Debug|x86.ActiveCfg = Debug|Any CPU
		{F678395C-8180-4693-91D1-AA78C7DAF3A2}.Debug|x86.Build.0 = Debug|Any CPU
		{F678395C-8180-4693-91D1-AA78C7DAF3A2}.Release|Any CPU.ActiveCfg = Release|Any CPU
		{F678395C-8180-4693-91D1-AA78C7DAF3A2}.Release|Any CPU.Build.0 = Release|Any CPU
		{F678395C-8180-4693-91D1-AA78C7DAF3A2}.Release|x64.ActiveCfg = Release|Any CPU
		{F678395C-8180-4693-91D1-AA78C7DAF3A2}.Release|x64.Build.0 = Release|Any CPU
		{F678395C-8180-4693-91D1-AA78C7DAF3A2}.Release|x86.ActiveCfg = Release|Any CPU
		{F678395C-8180-4693-91D1-AA78C7DAF3A2}.Release|x86.Build.0 = Release|Any CPU
		{7BF3B83B-2301-4CC0-AB59-90A1CE9B9422}.Debug|Any CPU.ActiveCfg = Debug|Any CPU
		{7BF3B83B-2301-4CC0-AB59-90A1CE9B9422}.Debug|Any CPU.Build.0 = Debug|Any CPU
		{7BF3B83B-2301-4CC0-AB59-90A1CE9B9422}.Debug|x64.ActiveCfg = Debug|Any CPU
		{7BF3B83B-2301-4CC0-AB59-90A1CE9B9422}.Debug|x64.Build.0 = Debug|Any CPU
		{7BF3B83B-2301-4CC0-AB59-90A1CE9B9422}.Debug|x86.ActiveCfg = Debug|Any CPU
		{7BF3B83B-2301-4CC0-AB59-90A1CE9B9422}.Debug|x86.Build.0 = Debug|Any CPU
		{7BF3B83B-2301-4CC0-AB59-90A1CE9B9422}.Release|Any CPU.ActiveCfg = Release|Any CPU
		{7BF3B83B-2301-4CC0-AB59-90A1CE9B9422}.Release|Any CPU.Build.0 = Release|Any CPU
		{7BF3B83B-2301-4CC0-AB59-90A1CE9B9422}.Release|x64.ActiveCfg = Release|Any CPU
		{7BF3B83B-2301-4CC0-AB59-90A1CE9B9422}.Release|x64.Build.0 = Release|Any CPU
		{7BF3B83B-2301-4CC0-AB59-90A1CE9B9422}.Release|x86.ActiveCfg = Release|Any CPU
		{7BF3B83B-2301-4CC0-AB59-90A1CE9B9422}.Release|x86.Build.0 = Release|Any CPU
		{6749F29E-7405-40B8-BCAF-67516ADB3FDF}.Debug|Any CPU.ActiveCfg = Debug|Any CPU
		{6749F29E-7405-40B8-BCAF-67516ADB3FDF}.Debug|Any CPU.Build.0 = Debug|Any CPU
		{6749F29E-7405-40B8-BCAF-67516ADB3FDF}.Debug|x64.ActiveCfg = Debug|Any CPU
		{6749F29E-7405-40B8-BCAF-67516ADB3FDF}.Debug|x64.Build.0 = Debug|Any CPU
		{6749F29E-7405-40B8-BCAF-67516ADB3FDF}.Debug|x86.ActiveCfg = Debug|Any CPU
		{6749F29E-7405-40B8-BCAF-67516ADB3FDF}.Debug|x86.Build.0 = Debug|Any CPU
		{6749F29E-7405-40B8-BCAF-67516ADB3FDF}.Release|Any CPU.ActiveCfg = Release|Any CPU
		{6749F29E-7405-40B8-BCAF-67516ADB3FDF}.Release|Any CPU.Build.0 = Release|Any CPU
		{6749F29E-7405-40B8-BCAF-67516ADB3FDF}.Release|x64.ActiveCfg = Release|Any CPU
		{6749F29E-7405-40B8-BCAF-67516ADB3FDF}.Release|x64.Build.0 = Release|Any CPU
		{6749F29E-7405-40B8-BCAF-67516ADB3FDF}.Release|x86.ActiveCfg = Release|Any CPU
		{6749F29E-7405-40B8-BCAF-67516ADB3FDF}.Release|x86.Build.0 = Release|Any CPU
		{1719CC3F-BF65-40E2-9D74-9D863A6B0298}.Debug|Any CPU.ActiveCfg = Debug|Any CPU
		{1719CC3F-BF65-40E2-9D74-9D863A6B0298}.Debug|Any CPU.Build.0 = Debug|Any CPU
		{1719CC3F-BF65-40E2-9D74-9D863A6B0298}.Debug|x64.ActiveCfg = Debug|Any CPU
		{1719CC3F-BF65-40E2-9D74-9D863A6B0298}.Debug|x64.Build.0 = Debug|Any CPU
		{1719CC3F-BF65-40E2-9D74-9D863A6B0298}.Debug|x86.ActiveCfg = Debug|Any CPU
		{1719CC3F-BF65-40E2-9D74-9D863A6B0298}.Debug|x86.Build.0 = Debug|Any CPU
		{1719CC3F-BF65-40E2-9D74-9D863A6B0298}.Release|Any CPU.ActiveCfg = Release|Any CPU
		{1719CC3F-BF65-40E2-9D74-9D863A6B0298}.Release|Any CPU.Build.0 = Release|Any CPU
		{1719CC3F-BF65-40E2-9D74-9D863A6B0298}.Release|x64.ActiveCfg = Release|Any CPU
		{1719CC3F-BF65-40E2-9D74-9D863A6B0298}.Release|x64.Build.0 = Release|Any CPU
		{1719CC3F-BF65-40E2-9D74-9D863A6B0298}.Release|x86.ActiveCfg = Release|Any CPU
		{1719CC3F-BF65-40E2-9D74-9D863A6B0298}.Release|x86.Build.0 = Release|Any CPU
		{47CE4AEA-1B66-4BE5-9DC0-71EB0975DDF1}.Debug|Any CPU.ActiveCfg = Debug|Any CPU
		{47CE4AEA-1B66-4BE5-9DC0-71EB0975DDF1}.Debug|Any CPU.Build.0 = Debug|Any CPU
		{47CE4AEA-1B66-4BE5-9DC0-71EB0975DDF1}.Debug|x64.ActiveCfg = Debug|Any CPU
		{47CE4AEA-1B66-4BE5-9DC0-71EB0975DDF1}.Debug|x64.Build.0 = Debug|Any CPU
		{47CE4AEA-1B66-4BE5-9DC0-71EB0975DDF1}.Debug|x86.ActiveCfg = Debug|Any CPU
		{47CE4AEA-1B66-4BE5-9DC0-71EB0975DDF1}.Debug|x86.Build.0 = Debug|Any CPU
		{47CE4AEA-1B66-4BE5-9DC0-71EB0975DDF1}.Release|Any CPU.ActiveCfg = Release|Any CPU
		{47CE4AEA-1B66-4BE5-9DC0-71EB0975DDF1}.Release|Any CPU.Build.0 = Release|Any CPU
		{47CE4AEA-1B66-4BE5-9DC0-71EB0975DDF1}.Release|x64.ActiveCfg = Release|Any CPU
		{47CE4AEA-1B66-4BE5-9DC0-71EB0975DDF1}.Release|x64.Build.0 = Release|Any CPU
		{47CE4AEA-1B66-4BE5-9DC0-71EB0975DDF1}.Release|x86.ActiveCfg = Release|Any CPU
		{47CE4AEA-1B66-4BE5-9DC0-71EB0975DDF1}.Release|x86.Build.0 = Release|Any CPU
		{BFF3B22B-29C8-4AC7-95A3-E35A8F08573A}.Debug|Any CPU.ActiveCfg = Debug|Any CPU
		{BFF3B22B-29C8-4AC7-95A3-E35A8F08573A}.Debug|Any CPU.Build.0 = Debug|Any CPU
		{BFF3B22B-29C8-4AC7-95A3-E35A8F08573A}.Debug|x64.ActiveCfg = Debug|Any CPU
		{BFF3B22B-29C8-4AC7-95A3-E35A8F08573A}.Debug|x64.Build.0 = Debug|Any CPU
		{BFF3B22B-29C8-4AC7-95A3-E35A8F08573A}.Debug|x86.ActiveCfg = Debug|Any CPU
		{BFF3B22B-29C8-4AC7-95A3-E35A8F08573A}.Debug|x86.Build.0 = Debug|Any CPU
		{BFF3B22B-29C8-4AC7-95A3-E35A8F08573A}.Release|Any CPU.ActiveCfg = Release|Any CPU
		{BFF3B22B-29C8-4AC7-95A3-E35A8F08573A}.Release|Any CPU.Build.0 = Release|Any CPU
		{BFF3B22B-29C8-4AC7-95A3-E35A8F08573A}.Release|x64.ActiveCfg = Release|Any CPU
		{BFF3B22B-29C8-4AC7-95A3-E35A8F08573A}.Release|x64.Build.0 = Release|Any CPU
		{BFF3B22B-29C8-4AC7-95A3-E35A8F08573A}.Release|x86.ActiveCfg = Release|Any CPU
		{BFF3B22B-29C8-4AC7-95A3-E35A8F08573A}.Release|x86.Build.0 = Release|Any CPU
		{2DDB102A-8DBC-4B9C-8F86-A7A631C883ED}.Debug|Any CPU.ActiveCfg = Debug|Any CPU
		{2DDB102A-8DBC-4B9C-8F86-A7A631C883ED}.Debug|Any CPU.Build.0 = Debug|Any CPU
		{2DDB102A-8DBC-4B9C-8F86-A7A631C883ED}.Debug|x64.ActiveCfg = Debug|Any CPU
		{2DDB102A-8DBC-4B9C-8F86-A7A631C883ED}.Debug|x64.Build.0 = Debug|Any CPU
		{2DDB102A-8DBC-4B9C-8F86-A7A631C883ED}.Debug|x86.ActiveCfg = Debug|Any CPU
		{2DDB102A-8DBC-4B9C-8F86-A7A631C883ED}.Debug|x86.Build.0 = Debug|Any CPU
		{2DDB102A-8DBC-4B9C-8F86-A7A631C883ED}.Release|Any CPU.ActiveCfg = Release|Any CPU
		{2DDB102A-8DBC-4B9C-8F86-A7A631C883ED}.Release|Any CPU.Build.0 = Release|Any CPU
		{2DDB102A-8DBC-4B9C-8F86-A7A631C883ED}.Release|x64.ActiveCfg = Release|Any CPU
		{2DDB102A-8DBC-4B9C-8F86-A7A631C883ED}.Release|x64.Build.0 = Release|Any CPU
		{2DDB102A-8DBC-4B9C-8F86-A7A631C883ED}.Release|x86.ActiveCfg = Release|Any CPU
		{2DDB102A-8DBC-4B9C-8F86-A7A631C883ED}.Release|x86.Build.0 = Release|Any CPU
		{E0BF4D58-8903-4D6B-86F6-4942523A30F9}.Debug|Any CPU.ActiveCfg = Debug|Any CPU
		{E0BF4D58-8903-4D6B-86F6-4942523A30F9}.Debug|Any CPU.Build.0 = Debug|Any CPU
		{E0BF4D58-8903-4D6B-86F6-4942523A30F9}.Debug|x64.ActiveCfg = Debug|Any CPU
		{E0BF4D58-8903-4D6B-86F6-4942523A30F9}.Debug|x64.Build.0 = Debug|Any CPU
		{E0BF4D58-8903-4D6B-86F6-4942523A30F9}.Debug|x86.ActiveCfg = Debug|Any CPU
		{E0BF4D58-8903-4D6B-86F6-4942523A30F9}.Debug|x86.Build.0 = Debug|Any CPU
		{E0BF4D58-8903-4D6B-86F6-4942523A30F9}.Release|Any CPU.ActiveCfg = Release|Any CPU
		{E0BF4D58-8903-4D6B-86F6-4942523A30F9}.Release|Any CPU.Build.0 = Release|Any CPU
		{E0BF4D58-8903-4D6B-86F6-4942523A30F9}.Release|x64.ActiveCfg = Release|Any CPU
		{E0BF4D58-8903-4D6B-86F6-4942523A30F9}.Release|x64.Build.0 = Release|Any CPU
		{E0BF4D58-8903-4D6B-86F6-4942523A30F9}.Release|x86.ActiveCfg = Release|Any CPU
		{E0BF4D58-8903-4D6B-86F6-4942523A30F9}.Release|x86.Build.0 = Release|Any CPU
		{E3F79095-4EB1-43B7-B29A-AD1FF64226A2}.Debug|Any CPU.ActiveCfg = Debug|Any CPU
		{E3F79095-4EB1-43B7-B29A-AD1FF64226A2}.Debug|Any CPU.Build.0 = Debug|Any CPU
		{E3F79095-4EB1-43B7-B29A-AD1FF64226A2}.Debug|x64.ActiveCfg = Debug|Any CPU
		{E3F79095-4EB1-43B7-B29A-AD1FF64226A2}.Debug|x64.Build.0 = Debug|Any CPU
		{E3F79095-4EB1-43B7-B29A-AD1FF64226A2}.Debug|x86.ActiveCfg = Debug|Any CPU
		{E3F79095-4EB1-43B7-B29A-AD1FF64226A2}.Debug|x86.Build.0 = Debug|Any CPU
		{E3F79095-4EB1-43B7-B29A-AD1FF64226A2}.Release|Any CPU.ActiveCfg = Release|Any CPU
		{E3F79095-4EB1-43B7-B29A-AD1FF64226A2}.Release|Any CPU.Build.0 = Release|Any CPU
		{E3F79095-4EB1-43B7-B29A-AD1FF64226A2}.Release|x64.ActiveCfg = Release|Any CPU
		{E3F79095-4EB1-43B7-B29A-AD1FF64226A2}.Release|x64.Build.0 = Release|Any CPU
		{E3F79095-4EB1-43B7-B29A-AD1FF64226A2}.Release|x86.ActiveCfg = Release|Any CPU
		{E3F79095-4EB1-43B7-B29A-AD1FF64226A2}.Release|x86.Build.0 = Release|Any CPU
		{1A0473BC-088E-4982-9052-4A154ADEBE1D}.Debug|Any CPU.ActiveCfg = Debug|Any CPU
		{1A0473BC-088E-4982-9052-4A154ADEBE1D}.Debug|Any CPU.Build.0 = Debug|Any CPU
		{1A0473BC-088E-4982-9052-4A154ADEBE1D}.Debug|x64.ActiveCfg = Debug|Any CPU
		{1A0473BC-088E-4982-9052-4A154ADEBE1D}.Debug|x64.Build.0 = Debug|Any CPU
		{1A0473BC-088E-4982-9052-4A154ADEBE1D}.Debug|x86.ActiveCfg = Debug|Any CPU
		{1A0473BC-088E-4982-9052-4A154ADEBE1D}.Debug|x86.Build.0 = Debug|Any CPU
		{1A0473BC-088E-4982-9052-4A154ADEBE1D}.Release|Any CPU.ActiveCfg = Release|Any CPU
		{1A0473BC-088E-4982-9052-4A154ADEBE1D}.Release|Any CPU.Build.0 = Release|Any CPU
		{1A0473BC-088E-4982-9052-4A154ADEBE1D}.Release|x64.ActiveCfg = Release|Any CPU
		{1A0473BC-088E-4982-9052-4A154ADEBE1D}.Release|x64.Build.0 = Release|Any CPU
		{1A0473BC-088E-4982-9052-4A154ADEBE1D}.Release|x86.ActiveCfg = Release|Any CPU
		{1A0473BC-088E-4982-9052-4A154ADEBE1D}.Release|x86.Build.0 = Release|Any CPU
		{7445057D-B425-4169-94E1-16C99F64EE35}.Debug|Any CPU.ActiveCfg = Debug|Any CPU
		{7445057D-B425-4169-94E1-16C99F64EE35}.Debug|Any CPU.Build.0 = Debug|Any CPU
		{7445057D-B425-4169-94E1-16C99F64EE35}.Debug|x64.ActiveCfg = Debug|Any CPU
		{7445057D-B425-4169-94E1-16C99F64EE35}.Debug|x64.Build.0 = Debug|Any CPU
		{7445057D-B425-4169-94E1-16C99F64EE35}.Debug|x86.ActiveCfg = Debug|Any CPU
		{7445057D-B425-4169-94E1-16C99F64EE35}.Debug|x86.Build.0 = Debug|Any CPU
		{7445057D-B425-4169-94E1-16C99F64EE35}.Release|Any CPU.ActiveCfg = Release|Any CPU
		{7445057D-B425-4169-94E1-16C99F64EE35}.Release|Any CPU.Build.0 = Release|Any CPU
		{7445057D-B425-4169-94E1-16C99F64EE35}.Release|x64.ActiveCfg = Release|Any CPU
		{7445057D-B425-4169-94E1-16C99F64EE35}.Release|x64.Build.0 = Release|Any CPU
		{7445057D-B425-4169-94E1-16C99F64EE35}.Release|x86.ActiveCfg = Release|Any CPU
		{7445057D-B425-4169-94E1-16C99F64EE35}.Release|x86.Build.0 = Release|Any CPU
		{4EDBC47E-E7AB-4020-8C05-6DEE07D456E9}.Debug|Any CPU.ActiveCfg = Debug|Any CPU
		{4EDBC47E-E7AB-4020-8C05-6DEE07D456E9}.Debug|Any CPU.Build.0 = Debug|Any CPU
		{4EDBC47E-E7AB-4020-8C05-6DEE07D456E9}.Debug|x64.ActiveCfg = Debug|Any CPU
		{4EDBC47E-E7AB-4020-8C05-6DEE07D456E9}.Debug|x64.Build.0 = Debug|Any CPU
		{4EDBC47E-E7AB-4020-8C05-6DEE07D456E9}.Debug|x86.ActiveCfg = Debug|Any CPU
		{4EDBC47E-E7AB-4020-8C05-6DEE07D456E9}.Debug|x86.Build.0 = Debug|Any CPU
		{4EDBC47E-E7AB-4020-8C05-6DEE07D456E9}.Release|Any CPU.ActiveCfg = Release|Any CPU
		{4EDBC47E-E7AB-4020-8C05-6DEE07D456E9}.Release|Any CPU.Build.0 = Release|Any CPU
		{4EDBC47E-E7AB-4020-8C05-6DEE07D456E9}.Release|x64.ActiveCfg = Release|Any CPU
		{4EDBC47E-E7AB-4020-8C05-6DEE07D456E9}.Release|x64.Build.0 = Release|Any CPU
		{4EDBC47E-E7AB-4020-8C05-6DEE07D456E9}.Release|x86.ActiveCfg = Release|Any CPU
		{4EDBC47E-E7AB-4020-8C05-6DEE07D456E9}.Release|x86.Build.0 = Release|Any CPU
		{6BE7CEBF-4662-4F3E-A36A-0E515B19BE59}.Debug|Any CPU.ActiveCfg = Debug|Any CPU
		{6BE7CEBF-4662-4F3E-A36A-0E515B19BE59}.Debug|Any CPU.Build.0 = Debug|Any CPU
		{6BE7CEBF-4662-4F3E-A36A-0E515B19BE59}.Debug|x64.ActiveCfg = Debug|Any CPU
		{6BE7CEBF-4662-4F3E-A36A-0E515B19BE59}.Debug|x64.Build.0 = Debug|Any CPU
		{6BE7CEBF-4662-4F3E-A36A-0E515B19BE59}.Debug|x86.ActiveCfg = Debug|Any CPU
		{6BE7CEBF-4662-4F3E-A36A-0E515B19BE59}.Debug|x86.Build.0 = Debug|Any CPU
		{6BE7CEBF-4662-4F3E-A36A-0E515B19BE59}.Release|Any CPU.ActiveCfg = Release|Any CPU
		{6BE7CEBF-4662-4F3E-A36A-0E515B19BE59}.Release|Any CPU.Build.0 = Release|Any CPU
		{6BE7CEBF-4662-4F3E-A36A-0E515B19BE59}.Release|x64.ActiveCfg = Release|Any CPU
		{6BE7CEBF-4662-4F3E-A36A-0E515B19BE59}.Release|x64.Build.0 = Release|Any CPU
		{6BE7CEBF-4662-4F3E-A36A-0E515B19BE59}.Release|x86.ActiveCfg = Release|Any CPU
		{6BE7CEBF-4662-4F3E-A36A-0E515B19BE59}.Release|x86.Build.0 = Release|Any CPU
		{5120FD08-7378-4620-90E1-E8D143C2B545}.Debug|Any CPU.ActiveCfg = Debug|Any CPU
		{5120FD08-7378-4620-90E1-E8D143C2B545}.Debug|Any CPU.Build.0 = Debug|Any CPU
		{5120FD08-7378-4620-90E1-E8D143C2B545}.Debug|x64.ActiveCfg = Debug|Any CPU
		{5120FD08-7378-4620-90E1-E8D143C2B545}.Debug|x64.Build.0 = Debug|Any CPU
		{5120FD08-7378-4620-90E1-E8D143C2B545}.Debug|x86.ActiveCfg = Debug|Any CPU
		{5120FD08-7378-4620-90E1-E8D143C2B545}.Debug|x86.Build.0 = Debug|Any CPU
		{5120FD08-7378-4620-90E1-E8D143C2B545}.Release|Any CPU.ActiveCfg = Release|Any CPU
		{5120FD08-7378-4620-90E1-E8D143C2B545}.Release|Any CPU.Build.0 = Release|Any CPU
		{5120FD08-7378-4620-90E1-E8D143C2B545}.Release|x64.ActiveCfg = Release|Any CPU
		{5120FD08-7378-4620-90E1-E8D143C2B545}.Release|x64.Build.0 = Release|Any CPU
		{5120FD08-7378-4620-90E1-E8D143C2B545}.Release|x86.ActiveCfg = Release|Any CPU
		{5120FD08-7378-4620-90E1-E8D143C2B545}.Release|x86.Build.0 = Release|Any CPU
		{7707F928-5A81-430E-B545-F390A2E9ED60}.Debug|Any CPU.ActiveCfg = Debug|Any CPU
		{7707F928-5A81-430E-B545-F390A2E9ED60}.Debug|Any CPU.Build.0 = Debug|Any CPU
		{7707F928-5A81-430E-B545-F390A2E9ED60}.Debug|x64.ActiveCfg = Debug|Any CPU
		{7707F928-5A81-430E-B545-F390A2E9ED60}.Debug|x64.Build.0 = Debug|Any CPU
		{7707F928-5A81-430E-B545-F390A2E9ED60}.Debug|x86.ActiveCfg = Debug|Any CPU
		{7707F928-5A81-430E-B545-F390A2E9ED60}.Debug|x86.Build.0 = Debug|Any CPU
		{7707F928-5A81-430E-B545-F390A2E9ED60}.Release|Any CPU.ActiveCfg = Release|Any CPU
		{7707F928-5A81-430E-B545-F390A2E9ED60}.Release|Any CPU.Build.0 = Release|Any CPU
		{7707F928-5A81-430E-B545-F390A2E9ED60}.Release|x64.ActiveCfg = Release|Any CPU
		{7707F928-5A81-430E-B545-F390A2E9ED60}.Release|x64.Build.0 = Release|Any CPU
		{7707F928-5A81-430E-B545-F390A2E9ED60}.Release|x86.ActiveCfg = Release|Any CPU
		{7707F928-5A81-430E-B545-F390A2E9ED60}.Release|x86.Build.0 = Release|Any CPU
		{397C63DE-F940-44A7-BA23-847030373B97}.Debug|Any CPU.ActiveCfg = Debug|Any CPU
		{397C63DE-F940-44A7-BA23-847030373B97}.Debug|Any CPU.Build.0 = Debug|Any CPU
		{397C63DE-F940-44A7-BA23-847030373B97}.Debug|x64.ActiveCfg = Debug|Any CPU
		{397C63DE-F940-44A7-BA23-847030373B97}.Debug|x64.Build.0 = Debug|Any CPU
		{397C63DE-F940-44A7-BA23-847030373B97}.Debug|x86.ActiveCfg = Debug|Any CPU
		{397C63DE-F940-44A7-BA23-847030373B97}.Debug|x86.Build.0 = Debug|Any CPU
		{397C63DE-F940-44A7-BA23-847030373B97}.Release|Any CPU.ActiveCfg = Release|Any CPU
		{397C63DE-F940-44A7-BA23-847030373B97}.Release|Any CPU.Build.0 = Release|Any CPU
		{397C63DE-F940-44A7-BA23-847030373B97}.Release|x64.ActiveCfg = Release|Any CPU
		{397C63DE-F940-44A7-BA23-847030373B97}.Release|x64.Build.0 = Release|Any CPU
		{397C63DE-F940-44A7-BA23-847030373B97}.Release|x86.ActiveCfg = Release|Any CPU
		{397C63DE-F940-44A7-BA23-847030373B97}.Release|x86.Build.0 = Release|Any CPU
		{22A8EB47-7D02-497F-AD0B-08F33B0BD217}.Debug|Any CPU.ActiveCfg = Debug|Any CPU
		{22A8EB47-7D02-497F-AD0B-08F33B0BD217}.Debug|Any CPU.Build.0 = Debug|Any CPU
		{22A8EB47-7D02-497F-AD0B-08F33B0BD217}.Debug|x64.ActiveCfg = Debug|Any CPU
		{22A8EB47-7D02-497F-AD0B-08F33B0BD217}.Debug|x64.Build.0 = Debug|Any CPU
		{22A8EB47-7D02-497F-AD0B-08F33B0BD217}.Debug|x86.ActiveCfg = Debug|Any CPU
		{22A8EB47-7D02-497F-AD0B-08F33B0BD217}.Debug|x86.Build.0 = Debug|Any CPU
		{22A8EB47-7D02-497F-AD0B-08F33B0BD217}.Release|Any CPU.ActiveCfg = Release|Any CPU
		{22A8EB47-7D02-497F-AD0B-08F33B0BD217}.Release|Any CPU.Build.0 = Release|Any CPU
		{22A8EB47-7D02-497F-AD0B-08F33B0BD217}.Release|x64.ActiveCfg = Release|Any CPU
		{22A8EB47-7D02-497F-AD0B-08F33B0BD217}.Release|x64.Build.0 = Release|Any CPU
		{22A8EB47-7D02-497F-AD0B-08F33B0BD217}.Release|x86.ActiveCfg = Release|Any CPU
		{22A8EB47-7D02-497F-AD0B-08F33B0BD217}.Release|x86.Build.0 = Release|Any CPU
		{BC0D9583-D646-4E1A-A827-0A3917B2E938}.Debug|Any CPU.ActiveCfg = Debug|Any CPU
		{BC0D9583-D646-4E1A-A827-0A3917B2E938}.Debug|Any CPU.Build.0 = Debug|Any CPU
		{BC0D9583-D646-4E1A-A827-0A3917B2E938}.Debug|x64.ActiveCfg = Debug|Any CPU
		{BC0D9583-D646-4E1A-A827-0A3917B2E938}.Debug|x64.Build.0 = Debug|Any CPU
		{BC0D9583-D646-4E1A-A827-0A3917B2E938}.Debug|x86.ActiveCfg = Debug|Any CPU
		{BC0D9583-D646-4E1A-A827-0A3917B2E938}.Debug|x86.Build.0 = Debug|Any CPU
		{BC0D9583-D646-4E1A-A827-0A3917B2E938}.Release|Any CPU.ActiveCfg = Release|Any CPU
		{BC0D9583-D646-4E1A-A827-0A3917B2E938}.Release|Any CPU.Build.0 = Release|Any CPU
		{BC0D9583-D646-4E1A-A827-0A3917B2E938}.Release|x64.ActiveCfg = Release|Any CPU
		{BC0D9583-D646-4E1A-A827-0A3917B2E938}.Release|x64.Build.0 = Release|Any CPU
		{BC0D9583-D646-4E1A-A827-0A3917B2E938}.Release|x86.ActiveCfg = Release|Any CPU
		{BC0D9583-D646-4E1A-A827-0A3917B2E938}.Release|x86.Build.0 = Release|Any CPU
		{43E6651C-1C8A-4ACB-8A80-E06DB4335ACF}.Debug|Any CPU.ActiveCfg = Debug|Any CPU
		{43E6651C-1C8A-4ACB-8A80-E06DB4335ACF}.Debug|Any CPU.Build.0 = Debug|Any CPU
		{43E6651C-1C8A-4ACB-8A80-E06DB4335ACF}.Debug|x64.ActiveCfg = Debug|Any CPU
		{43E6651C-1C8A-4ACB-8A80-E06DB4335ACF}.Debug|x64.Build.0 = Debug|Any CPU
		{43E6651C-1C8A-4ACB-8A80-E06DB4335ACF}.Debug|x86.ActiveCfg = Debug|Any CPU
		{43E6651C-1C8A-4ACB-8A80-E06DB4335ACF}.Debug|x86.Build.0 = Debug|Any CPU
		{43E6651C-1C8A-4ACB-8A80-E06DB4335ACF}.Release|Any CPU.ActiveCfg = Release|Any CPU
		{43E6651C-1C8A-4ACB-8A80-E06DB4335ACF}.Release|Any CPU.Build.0 = Release|Any CPU
		{43E6651C-1C8A-4ACB-8A80-E06DB4335ACF}.Release|x64.ActiveCfg = Release|Any CPU
		{43E6651C-1C8A-4ACB-8A80-E06DB4335ACF}.Release|x64.Build.0 = Release|Any CPU
		{43E6651C-1C8A-4ACB-8A80-E06DB4335ACF}.Release|x86.ActiveCfg = Release|Any CPU
		{43E6651C-1C8A-4ACB-8A80-E06DB4335ACF}.Release|x86.Build.0 = Release|Any CPU
		{CFFE5BE7-ED51-4203-A11B-5A5095D61A14}.Debug|Any CPU.ActiveCfg = Debug|Any CPU
		{CFFE5BE7-ED51-4203-A11B-5A5095D61A14}.Debug|Any CPU.Build.0 = Debug|Any CPU
		{CFFE5BE7-ED51-4203-A11B-5A5095D61A14}.Debug|x64.ActiveCfg = Debug|Any CPU
		{CFFE5BE7-ED51-4203-A11B-5A5095D61A14}.Debug|x64.Build.0 = Debug|Any CPU
		{CFFE5BE7-ED51-4203-A11B-5A5095D61A14}.Debug|x86.ActiveCfg = Debug|Any CPU
		{CFFE5BE7-ED51-4203-A11B-5A5095D61A14}.Debug|x86.Build.0 = Debug|Any CPU
		{CFFE5BE7-ED51-4203-A11B-5A5095D61A14}.Release|Any CPU.ActiveCfg = Release|Any CPU
		{CFFE5BE7-ED51-4203-A11B-5A5095D61A14}.Release|Any CPU.Build.0 = Release|Any CPU
		{CFFE5BE7-ED51-4203-A11B-5A5095D61A14}.Release|x64.ActiveCfg = Release|Any CPU
		{CFFE5BE7-ED51-4203-A11B-5A5095D61A14}.Release|x64.Build.0 = Release|Any CPU
		{CFFE5BE7-ED51-4203-A11B-5A5095D61A14}.Release|x86.ActiveCfg = Release|Any CPU
		{CFFE5BE7-ED51-4203-A11B-5A5095D61A14}.Release|x86.Build.0 = Release|Any CPU
		{982301F0-0698-4DAA-B68C-164840A39A44}.Debug|Any CPU.ActiveCfg = Debug|Any CPU
		{982301F0-0698-4DAA-B68C-164840A39A44}.Debug|Any CPU.Build.0 = Debug|Any CPU
		{982301F0-0698-4DAA-B68C-164840A39A44}.Debug|x64.ActiveCfg = Debug|Any CPU
		{982301F0-0698-4DAA-B68C-164840A39A44}.Debug|x64.Build.0 = Debug|Any CPU
		{982301F0-0698-4DAA-B68C-164840A39A44}.Debug|x86.ActiveCfg = Debug|Any CPU
		{982301F0-0698-4DAA-B68C-164840A39A44}.Debug|x86.Build.0 = Debug|Any CPU
		{982301F0-0698-4DAA-B68C-164840A39A44}.Release|Any CPU.ActiveCfg = Release|Any CPU
		{982301F0-0698-4DAA-B68C-164840A39A44}.Release|Any CPU.Build.0 = Release|Any CPU
		{982301F0-0698-4DAA-B68C-164840A39A44}.Release|x64.ActiveCfg = Release|Any CPU
		{982301F0-0698-4DAA-B68C-164840A39A44}.Release|x64.Build.0 = Release|Any CPU
		{982301F0-0698-4DAA-B68C-164840A39A44}.Release|x86.ActiveCfg = Release|Any CPU
		{982301F0-0698-4DAA-B68C-164840A39A44}.Release|x86.Build.0 = Release|Any CPU
		{494BDFDF-774E-4058-80EF-F79AFB2ACD41}.Debug|Any CPU.ActiveCfg = Debug|Any CPU
		{494BDFDF-774E-4058-80EF-F79AFB2ACD41}.Debug|Any CPU.Build.0 = Debug|Any CPU
		{494BDFDF-774E-4058-80EF-F79AFB2ACD41}.Debug|x64.ActiveCfg = Debug|Any CPU
		{494BDFDF-774E-4058-80EF-F79AFB2ACD41}.Debug|x64.Build.0 = Debug|Any CPU
		{494BDFDF-774E-4058-80EF-F79AFB2ACD41}.Debug|x86.ActiveCfg = Debug|Any CPU
		{494BDFDF-774E-4058-80EF-F79AFB2ACD41}.Debug|x86.Build.0 = Debug|Any CPU
		{494BDFDF-774E-4058-80EF-F79AFB2ACD41}.Release|Any CPU.ActiveCfg = Release|Any CPU
		{494BDFDF-774E-4058-80EF-F79AFB2ACD41}.Release|Any CPU.Build.0 = Release|Any CPU
		{494BDFDF-774E-4058-80EF-F79AFB2ACD41}.Release|x64.ActiveCfg = Release|Any CPU
		{494BDFDF-774E-4058-80EF-F79AFB2ACD41}.Release|x64.Build.0 = Release|Any CPU
		{494BDFDF-774E-4058-80EF-F79AFB2ACD41}.Release|x86.ActiveCfg = Release|Any CPU
		{494BDFDF-774E-4058-80EF-F79AFB2ACD41}.Release|x86.Build.0 = Release|Any CPU
	EndGlobalSection
	GlobalSection(SolutionProperties) = preSolution
		HideSolutionNode = FALSE
	EndGlobalSection
	GlobalSection(NestedProjects) = preSolution
		{81034408-37C8-1011-444E-4C15C2FADA8E} = {827E0CD3-B72D-47B6-A68D-7590B98EB39B}
		{E1B7AF56-5B87-41B8-9C7B-7C4788AAE927} = {81034408-37C8-1011-444E-4C15C2FADA8E}
		{90298CBA-BD6F-3A0A-69D5-97CAD7B05E7E} = {827E0CD3-B72D-47B6-A68D-7590B98EB39B}
		{A7446B4C-3630-9B3B-F288-1F78CD1B2B87} = {90298CBA-BD6F-3A0A-69D5-97CAD7B05E7E}
		{B071043B-17C8-4192-945D-EEDFAFF3CBA7} = {A7446B4C-3630-9B3B-F288-1F78CD1B2B87}
		{9EE5AAEC-AB02-9FE8-CF99-35D2D2EE0FA4} = {90298CBA-BD6F-3A0A-69D5-97CAD7B05E7E}
		{6BF53DD6-3FE7-4DCE-A6E2-805A97737622} = {9EE5AAEC-AB02-9FE8-CF99-35D2D2EE0FA4}
		{A4B1E784-646A-B9E1-E156-960261419CD6} = {90298CBA-BD6F-3A0A-69D5-97CAD7B05E7E}
		{A7FB27D2-E32D-4484-A876-6D866CC1C734} = {A4B1E784-646A-B9E1-E156-960261419CD6}
		{EC447DCF-ABFA-6E24-52A5-D7FD48A5C558} = {827E0CD3-B72D-47B6-A68D-7590B98EB39B}
		{D174098F-D0C3-555C-3628-EF553EA75373} = {EC447DCF-ABFA-6E24-52A5-D7FD48A5C558}
		{1E9E555F-D6CC-4A08-9CBF-B991E7931D05} = {D174098F-D0C3-555C-3628-EF553EA75373}
		{958E8EE9-0419-4575-86FB-6ADE190B7A7D} = {D174098F-D0C3-555C-3628-EF553EA75373}
		{D371093B-0423-40F4-8D1C-7B3DD661E46F} = {D174098F-D0C3-555C-3628-EF553EA75373}
		{137CAE3E-E085-4ECF-9BD8-177A41EFB15C} = {D174098F-D0C3-555C-3628-EF553EA75373}
		{D225D77D-1D68-4A2A-ABE3-437C13B9D5B4} = {D174098F-D0C3-555C-3628-EF553EA75373}
		{193218D3-15C0-0B81-5733-CC174BE1B669} = {EC447DCF-ABFA-6E24-52A5-D7FD48A5C558}
		{46EF475C-13B0-4D4E-B490-3C7A298F63BB} = {193218D3-15C0-0B81-5733-CC174BE1B669}
		{CBC4F53B-1671-4C94-93DD-5337A3A2ABC2} = {193218D3-15C0-0B81-5733-CC174BE1B669}
		{F678395C-8180-4693-91D1-AA78C7DAF3A2} = {193218D3-15C0-0B81-5733-CC174BE1B669}
		{7BF3B83B-2301-4CC0-AB59-90A1CE9B9422} = {193218D3-15C0-0B81-5733-CC174BE1B669}
		{6749F29E-7405-40B8-BCAF-67516ADB3FDF} = {193218D3-15C0-0B81-5733-CC174BE1B669}
		{9863C017-6182-88C1-BCAF-B6BDBB530B4B} = {EC447DCF-ABFA-6E24-52A5-D7FD48A5C558}
		{1719CC3F-BF65-40E2-9D74-9D863A6B0298} = {9863C017-6182-88C1-BCAF-B6BDBB530B4B}
		{47CE4AEA-1B66-4BE5-9DC0-71EB0975DDF1} = {9863C017-6182-88C1-BCAF-B6BDBB530B4B}
		{BFF3B22B-29C8-4AC7-95A3-E35A8F08573A} = {9863C017-6182-88C1-BCAF-B6BDBB530B4B}
		{2DDB102A-8DBC-4B9C-8F86-A7A631C883ED} = {9863C017-6182-88C1-BCAF-B6BDBB530B4B}
		{E0BF4D58-8903-4D6B-86F6-4942523A30F9} = {9863C017-6182-88C1-BCAF-B6BDBB530B4B}
		{2D9ABAD8-3B01-4A4C-F0A8-EE2CF54BA94B} = {0AB3BF05-4346-4AA6-1389-037BE0695223}
		{E3F79095-4EB1-43B7-B29A-AD1FF64226A2} = {2D9ABAD8-3B01-4A4C-F0A8-EE2CF54BA94B}
		{1A0473BC-088E-4982-9052-4A154ADEBE1D} = {0AB3BF05-4346-4AA6-1389-037BE0695223}
		{6F3C9A58-AEFC-707C-7557-EFEE83FD9418} = {0AB3BF05-4346-4AA6-1389-037BE0695223}
		{7445057D-B425-4169-94E1-16C99F64EE35} = {6F3C9A58-AEFC-707C-7557-EFEE83FD9418}
		{517631AE-1E06-ECC6-9302-F06040DDAC89} = {0AB3BF05-4346-4AA6-1389-037BE0695223}
		{4EDBC47E-E7AB-4020-8C05-6DEE07D456E9} = {517631AE-1E06-ECC6-9302-F06040DDAC89}
		{F3DD8EE7-F35F-783D-AA68-50757D7D5501} = {0AB3BF05-4346-4AA6-1389-037BE0695223}
		{6BE7CEBF-4662-4F3E-A36A-0E515B19BE59} = {F3DD8EE7-F35F-783D-AA68-50757D7D5501}
		{5120FD08-7378-4620-90E1-E8D143C2B545} = {0AB3BF05-4346-4AA6-1389-037BE0695223}
		{DE89E763-3D43-5032-BCCC-08B6F76452D5} = {0AB3BF05-4346-4AA6-1389-037BE0695223}
		{7707F928-5A81-430E-B545-F390A2E9ED60} = {DE89E763-3D43-5032-BCCC-08B6F76452D5}
		{6A36946C-4F06-BE70-24E6-0B0F125A7F9F} = {90298CBA-BD6F-3A0A-69D5-97CAD7B05E7E}
		{397C63DE-F940-44A7-BA23-847030373B97} = {6A36946C-4F06-BE70-24E6-0B0F125A7F9F}
		{805A8D50-63DC-9C2D-1F6E-9BE58443B7F7} = {EC447DCF-ABFA-6E24-52A5-D7FD48A5C558}
		{22A8EB47-7D02-497F-AD0B-08F33B0BD217} = {805A8D50-63DC-9C2D-1F6E-9BE58443B7F7}
		{BC0D9583-D646-4E1A-A827-0A3917B2E938} = {805A8D50-63DC-9C2D-1F6E-9BE58443B7F7}
		{43E6651C-1C8A-4ACB-8A80-E06DB4335ACF} = {805A8D50-63DC-9C2D-1F6E-9BE58443B7F7}
		{CFFE5BE7-ED51-4203-A11B-5A5095D61A14} = {805A8D50-63DC-9C2D-1F6E-9BE58443B7F7}
		{982301F0-0698-4DAA-B68C-164840A39A44} = {805A8D50-63DC-9C2D-1F6E-9BE58443B7F7}
		{7324F043-CF40-F9D4-371A-7CCD93EC25D8} = {0AB3BF05-4346-4AA6-1389-037BE0695223}
		{494BDFDF-774E-4058-80EF-F79AFB2ACD41} = {7324F043-CF40-F9D4-371A-7CCD93EC25D8}
	EndGlobalSection
EndGlobal
